dependencies:
- name: postgresql
  repository: https://kubernetes-charts.storage.googleapis.com/
  version: 0.9.5
- name: redis
  repository: https://kubernetes-charts.storage.googleapis.com/
  version: 1.2.2
- name: result
  repository: file://local-charts/result
  version: 0.1.1
- name: vote
  repository: file://local-charts/vote
  version: 0.1.1
- name: worker
  repository: file://local-charts/worker
  version: 0.1.1
digest: sha256:1b1bdf648eada3e4ec7028ad7b75f2117c2ac5eb1a652175a28801a5a2013899
generated: "2020-05-15T22:12:08.2587+08:00"
